// !$*UTF8*$!
{
	archiveVersion = 1;
	classes = {
	};
	objectVersion = 56;
	objects = {

/* Begin PBXBuildFile section */
		2E0ECF952BD7C2FD0068048C /* FileReader.swift in Sources */ = {isa = PBXBuildFile; fileRef = 2E0ECF942BD7C2FD0068048C /* FileReader.swift */; };
		2E0ECF9F2BD7F6880068048C /* Token.swift in Sources */ = {isa = PBXBuildFile; fileRef = 2E0ECF9E2BD7F6880068048C /* Token.swift */; };
		2E5F48932BD699A800C7A62F /* main.swift in Sources */ = {isa = PBXBuildFile; fileRef = 2E5F48922BD699A800C7A62F /* main.swift */; };
		2E88BB952BE1585D0066C106 /* LexiconAppApp.swift in Sources */ = {isa = PBXBuildFile; fileRef = 2E88BB942BE1585D0066C106 /* LexiconAppApp.swift */; };
		2E88BB972BE1585D0066C106 /* ContentView.swift in Sources */ = {isa = PBXBuildFile; fileRef = 2E88BB962BE1585D0066C106 /* ContentView.swift */; };
		2E88BB992BE1585F0066C106 /* Assets.xcassets in Resources */ = {isa = PBXBuildFile; fileRef = 2E88BB982BE1585F0066C106 /* Assets.xcassets */; };
		2E88BB9C2BE1585F0066C106 /* Preview Assets.xcassets in Resources */ = {isa = PBXBuildFile; fileRef = 2E88BB9B2BE1585F0066C106 /* Preview Assets.xcassets */; };
		2ED89CEF2BDE245700C44634 /* Stemmer.swift in Sources */ = {isa = PBXBuildFile; fileRef = 2ED89CEE2BDE245700C44634 /* Stemmer.swift */; };
		2ED94DC52BDCFC8600E6CB12 /* PythonKit in Frameworks */ = {isa = PBXBuildFile; productRef = 2ED94DC42BDCFC8600E6CB12 /* PythonKit */; };
		2EF10D9B2BD90B7B00FEE478 /* Tokenizer.swift in Sources */ = {isa = PBXBuildFile; fileRef = 2EF10D9A2BD90B7B00FEE478 /* Tokenizer.swift */; };
		2EF10D9D2BD90B9C00FEE478 /* TokenProcessor.swift in Sources */ = {isa = PBXBuildFile; fileRef = 2EF10D9C2BD90B9C00FEE478 /* TokenProcessor.swift */; };
		2EF10D9F2BD90C3900FEE478 /* TokenType.swift in Sources */ = {isa = PBXBuildFile; fileRef = 2EF10D9E2BD90C3900FEE478 /* TokenType.swift */; };
/* End PBXBuildFile section */

/* Begin PBXCopyFilesBuildPhase section */
		2E5F488E2BD699A800C7A62F /* CopyFiles */ = {
			isa = PBXCopyFilesBuildPhase;
			buildActionMask = 2147483647;
			dstPath = /usr/share/man/man1/;
			dstSubfolderSpec = 0;
			files = (
			);
			runOnlyForDeploymentPostprocessing = 1;
		};
/* End PBXCopyFilesBuildPhase section */

/* Begin PBXFileReference section */
		2E0ECF942BD7C2FD0068048C /* FileReader.swift */ = {isa = PBXFileReference; lastKnownFileType = sourcecode.swift; path = FileReader.swift; sourceTree = "<group>"; };
		2E0ECF962BD7C9500068048C /* cacm.all */ = {isa = PBXFileReference; fileEncoding = 4; lastKnownFileType = text; path = cacm.all; sourceTree = "<group>"; };
		2E0ECF972BD7C9500068048C /* cite.info */ = {isa = PBXFileReference; fileEncoding = 4; lastKnownFileType = text; path = cite.info; sourceTree = "<group>"; };
		2E0ECF982BD7C9500068048C /* common_words */ = {isa = PBXFileReference; fileEncoding = 4; lastKnownFileType = text; path = common_words; sourceTree = "<group>"; };
		2E0ECF992BD7C9500068048C /* qrels.text */ = {isa = PBXFileReference; fileEncoding = 4; lastKnownFileType = net.daringfireball.markdown; path = qrels.text; sourceTree = "<group>"; };
		2E0ECF9A2BD7C9500068048C /* query.text */ = {isa = PBXFileReference; fileEncoding = 4; lastKnownFileType = net.daringfireball.markdown; path = query.text; sourceTree = "<group>"; };
		2E0ECF9B2BD7C9500068048C /* README */ = {isa = PBXFileReference; fileEncoding = 4; lastKnownFileType = text; path = README; sourceTree = "<group>"; };
		2E0ECF9E2BD7F6880068048C /* Token.swift */ = {isa = PBXFileReference; lastKnownFileType = sourcecode.swift; path = Token.swift; sourceTree = "<group>"; };
		2E5F48892BD694C400C7A62F /* .gitignore */ = {isa = PBXFileReference; lastKnownFileType = text; path = .gitignore; sourceTree = "<group>"; };
		2E5F48902BD699A800C7A62F /* Lexicon */ = {isa = PBXFileReference; explicitFileType = "compiled.mach-o.executable"; includeInIndex = 0; path = Lexicon; sourceTree = BUILT_PRODUCTS_DIR; };
		2E5F48922BD699A800C7A62F /* main.swift */ = {isa = PBXFileReference; lastKnownFileType = sourcecode.swift; path = main.swift; sourceTree = "<group>"; };
		2E88BB922BE1585D0066C106 /* LexiconApp.app */ = {isa = PBXFileReference; explicitFileType = wrapper.application; includeInIndex = 0; path = LexiconApp.app; sourceTree = BUILT_PRODUCTS_DIR; };
		2E88BB942BE1585D0066C106 /* LexiconAppApp.swift */ = {isa = PBXFileReference; lastKnownFileType = sourcecode.swift; path = LexiconAppApp.swift; sourceTree = "<group>"; };
		2E88BB962BE1585D0066C106 /* ContentView.swift */ = {isa = PBXFileReference; lastKnownFileType = sourcecode.swift; path = ContentView.swift; sourceTree = "<group>"; };
		2E88BB982BE1585F0066C106 /* Assets.xcassets */ = {isa = PBXFileReference; lastKnownFileType = folder.assetcatalog; path = Assets.xcassets; sourceTree = "<group>"; };
		2E88BB9B2BE1585F0066C106 /* Preview Assets.xcassets */ = {isa = PBXFileReference; lastKnownFileType = folder.assetcatalog; path = "Preview Assets.xcassets"; sourceTree = "<group>"; };
		2E88BB9D2BE1585F0066C106 /* LexiconApp.entitlements */ = {isa = PBXFileReference; lastKnownFileType = text.plist.entitlements; path = LexiconApp.entitlements; sourceTree = "<group>"; };
		2ED89CEE2BDE245700C44634 /* Stemmer.swift */ = {isa = PBXFileReference; lastKnownFileType = sourcecode.swift; path = Stemmer.swift; sourceTree = "<group>"; };
		2ED89CF12BDE24A900C44634 /* PyStemmer.py */ = {isa = PBXFileReference; lastKnownFileType = text.script.python; path = PyStemmer.py; sourceTree = "<group>"; };
		2ED94DC62BDCFD2700E6CB12 /* Lexicon.entitlements */ = {isa = PBXFileReference; lastKnownFileType = text.plist.entitlements; path = Lexicon.entitlements; sourceTree = "<group>"; };
		2EF10D9A2BD90B7B00FEE478 /* Tokenizer.swift */ = {isa = PBXFileReference; lastKnownFileType = sourcecode.swift; path = Tokenizer.swift; sourceTree = "<group>"; };
		2EF10D9C2BD90B9C00FEE478 /* TokenProcessor.swift */ = {isa = PBXFileReference; lastKnownFileType = sourcecode.swift; path = TokenProcessor.swift; sourceTree = "<group>"; };
		2EF10D9E2BD90C3900FEE478 /* TokenType.swift */ = {isa = PBXFileReference; lastKnownFileType = sourcecode.swift; path = TokenType.swift; sourceTree = "<group>"; };
/* End PBXFileReference section */

/* Begin PBXFrameworksBuildPhase section */
		2E5F488D2BD699A800C7A62F /* Frameworks */ = {
			isa = PBXFrameworksBuildPhase;
			buildActionMask = 2147483647;
			files = (
				2ED94DC52BDCFC8600E6CB12 /* PythonKit in Frameworks */,
			);
			runOnlyForDeploymentPostprocessing = 0;
		};
		2E88BB8F2BE1585D0066C106 /* Frameworks */ = {
			isa = PBXFrameworksBuildPhase;
			buildActionMask = 2147483647;
			files = (
			);
			runOnlyForDeploymentPostprocessing = 0;
		};
/* End PBXFrameworksBuildPhase section */

/* Begin PBXGroup section */
		2E0ECF9C2BD7C9500068048C /* cacm */ = {
			isa = PBXGroup;
			children = (
				2E0ECF962BD7C9500068048C /* cacm.all */,
				2E0ECF972BD7C9500068048C /* cite.info */,
				2E0ECF982BD7C9500068048C /* common_words */,
				2E0ECF992BD7C9500068048C /* qrels.text */,
				2E0ECF9A2BD7C9500068048C /* query.text */,
				2E0ECF9B2BD7C9500068048C /* README */,
			);
			path = cacm;
			sourceTree = "<group>";
		};
		2E0ECFA02BD7F6900068048C /* Token */ = {
			isa = PBXGroup;
			children = (
				2E0ECF9E2BD7F6880068048C /* Token.swift */,
				2EF10D9A2BD90B7B00FEE478 /* Tokenizer.swift */,
				2EF10D9C2BD90B9C00FEE478 /* TokenProcessor.swift */,
				2EF10D9E2BD90C3900FEE478 /* TokenType.swift */,
			);
			path = Token;
			sourceTree = "<group>";
		};
		2E5F48762BD68C9800C7A62F = {
			isa = PBXGroup;
			children = (
				2E5F48892BD694C400C7A62F /* .gitignore */,
				2E5F48912BD699A800C7A62F /* Lexicon */,
				2E88BB932BE1585D0066C106 /* LexiconApp */,
				2E5F48802BD68C9800C7A62F /* Products */,
			);
			sourceTree = "<group>";
		};
		2E5F48802BD68C9800C7A62F /* Products */ = {
			isa = PBXGroup;
			children = (
				2E5F48902BD699A800C7A62F /* Lexicon */,
				2E88BB922BE1585D0066C106 /* LexiconApp.app */,
			);
			name = Products;
			sourceTree = "<group>";
		};
		2E5F48912BD699A800C7A62F /* Lexicon */ = {
			isa = PBXGroup;
			children = (
				2ED94DC62BDCFD2700E6CB12 /* Lexicon.entitlements */,
				2E5F48922BD699A800C7A62F /* main.swift */,
				2E0ECF942BD7C2FD0068048C /* FileReader.swift */,
				2E0ECF9C2BD7C9500068048C /* cacm */,
				2E618C102BE89BCF003FDAD8 /* Dictionary */,
				2ED89CF02BDE246300C44634 /* Stemmer */,
				2E0ECFA02BD7F6900068048C /* Token */,
			);
			path = Lexicon;
			sourceTree = "<group>";
		};
		2E88BB932BE1585D0066C106 /* LexiconApp */ = {
			isa = PBXGroup;
			children = (
				2E88BB942BE1585D0066C106 /* LexiconAppApp.swift */,
				2E88BB962BE1585D0066C106 /* ContentView.swift */,
				2E88BB982BE1585F0066C106 /* Assets.xcassets */,
				2E88BB9D2BE1585F0066C106 /* LexiconApp.entitlements */,
				2E88BB9A2BE1585F0066C106 /* Preview Content */,
			);
			path = LexiconApp;
			sourceTree = "<group>";
		};
		2E88BB9A2BE1585F0066C106 /* Preview Content */ = {
			isa = PBXGroup;
			children = (
				2E88BB9B2BE1585F0066C106 /* Preview Assets.xcassets */,
			);
			path = "Preview Content";
			sourceTree = "<group>";
		};
		2ED89CF02BDE246300C44634 /* Stemmer */ = {
			isa = PBXGroup;
			children = (
				2ED89CEE2BDE245700C44634 /* Stemmer.swift */,
				2ED89CF12BDE24A900C44634 /* PyStemmer.py */,
			);
			path = Stemmer;
			sourceTree = "<group>";
		};
/* End PBXGroup section */

/* Begin PBXNativeTarget section */
		2E5F488F2BD699A800C7A62F /* Lexicon */ = {
			isa = PBXNativeTarget;
			buildConfigurationList = 2E5F48942BD699A800C7A62F /* Build configuration list for PBXNativeTarget "Lexicon" */;
			buildPhases = (
				2E5F488C2BD699A800C7A62F /* Sources */,
				2E5F488D2BD699A800C7A62F /* Frameworks */,
				2E5F488E2BD699A800C7A62F /* CopyFiles */,
			);
			buildRules = (
			);
			dependencies = (
			);
			name = Lexicon;
			packageProductDependencies = (
				2ED94DC42BDCFC8600E6CB12 /* PythonKit */,
			);
			productName = Lexicon;
			productReference = 2E5F48902BD699A800C7A62F /* Lexicon */;
			productType = "com.apple.product-type.tool";
		};
		2E88BB912BE1585D0066C106 /* LexiconApp */ = {
			isa = PBXNativeTarget;
			buildConfigurationList = 2E88BB9E2BE1585F0066C106 /* Build configuration list for PBXNativeTarget "LexiconApp" */;
			buildPhases = (
				2E88BB8E2BE1585D0066C106 /* Sources */,
				2E88BB8F2BE1585D0066C106 /* Frameworks */,
				2E88BB902BE1585D0066C106 /* Resources */,
			);
			buildRules = (
			);
			dependencies = (
			);
			name = LexiconApp;
			productName = LexiconApp;
			productReference = 2E88BB922BE1585D0066C106 /* LexiconApp.app */;
			productType = "com.apple.product-type.application";
		};
/* End PBXNativeTarget section */

/* Begin PBXProject section */
		2E5F48772BD68C9800C7A62F /* Project object */ = {
			isa = PBXProject;
			attributes = {
				BuildIndependentTargetsInParallel = 1;
				LastSwiftUpdateCheck = 1530;
				LastUpgradeCheck = 1530;
				TargetAttributes = {
					2E5F488F2BD699A800C7A62F = {
						CreatedOnToolsVersion = 15.3;
					};
					2E88BB912BE1585D0066C106 = {
						CreatedOnToolsVersion = 15.3;
					};
				};
			};
			buildConfigurationList = 2E5F487A2BD68C9800C7A62F /* Build configuration list for PBXProject "Lexicon" */;
			compatibilityVersion = "Xcode 14.0";
			developmentRegion = en;
			hasScannedForEncodings = 0;
			knownRegions = (
				en,
				Base,
			);
			mainGroup = 2E5F48762BD68C9800C7A62F;
			packageReferences = (
				2ED94DC32BDCFC8600E6CB12 /* XCRemoteSwiftPackageReference "PythonKit" */,
			);
			productRefGroup = 2E5F48802BD68C9800C7A62F /* Products */;
			projectDirPath = "";
			projectRoot = "";
			targets = (
				2E5F488F2BD699A800C7A62F /* Lexicon */,
				2E88BB912BE1585D0066C106 /* LexiconApp */,
			);
		};
/* End PBXProject section */

/* Begin PBXResourcesBuildPhase section */
		2E88BB902BE1585D0066C106 /* Resources */ = {
			isa = PBXResourcesBuildPhase;
			buildActionMask = 2147483647;
			files = (
				2E88BB9C2BE1585F0066C106 /* Preview Assets.xcassets in Resources */,
				2E88BB992BE1585F0066C106 /* Assets.xcassets in Resources */,
			);
			runOnlyForDeploymentPostprocessing = 0;
		};
/* End PBXResourcesBuildPhase section */

/* Begin PBXSourcesBuildPhase section */
		2E5F488C2BD699A800C7A62F /* Sources */ = {
			isa = PBXSourcesBuildPhase;
			buildActionMask = 2147483647;
			files = (
				2E0ECF9F2BD7F6880068048C /* Token.swift in Sources */,
				2EF10D9D2BD90B9C00FEE478 /* TokenProcessor.swift in Sources */,
				2EF10D9B2BD90B7B00FEE478 /* Tokenizer.swift in Sources */,
				2E618C122BE89C09003FDAD8 /* MakeDictionary.swift in Sources */,
				2EF10D9F2BD90C3900FEE478 /* TokenType.swift in Sources */,
				2E5F48932BD699A800C7A62F /* main.swift in Sources */,
				2E0ECF952BD7C2FD0068048C /* FileReader.swift in Sources */,
				2ED89CEF2BDE245700C44634 /* Stemmer.swift in Sources */,
			);
			runOnlyForDeploymentPostprocessing = 0;
		};
		2E88BB8E2BE1585D0066C106 /* Sources */ = {
			isa = PBXSourcesBuildPhase;
			buildActionMask = 2147483647;
			files = (
				2E88BB972BE1585D0066C106 /* ContentView.swift in Sources */,
				2E88BB952BE1585D0066C106 /* LexiconAppApp.swift in Sources */,
			);
			runOnlyForDeploymentPostprocessing = 0;
		};
/* End PBXSourcesBuildPhase section */

/* Begin XCBuildConfiguration section */
		2E5F48842BD68C9800C7A62F /* Debug */ = {
			isa = XCBuildConfiguration;
			buildSettings = {
				ALWAYS_SEARCH_USER_PATHS = NO;
				ASSETCATALOG_COMPILER_GENERATE_SWIFT_ASSET_SYMBOL_EXTENSIONS = YES;
				CLANG_ANALYZER_NONNULL = YES;
				CLANG_ANALYZER_NUMBER_OBJECT_CONVERSION = YES_AGGRESSIVE;
				CLANG_CXX_LANGUAGE_STANDARD = "c++20";
				CLANG_ENABLE_MODULES = YES;
				CLANG_ENABLE_OBJC_ARC = YES;
				CLANG_ENABLE_OBJC_WEAK = YES;
				CLANG_WARN_BLOCK_CAPTURE_AUTORELEASING = YES;
				CLANG_WARN_BOOL_CONVERSION = YES;
				CLANG_WARN_COMMA = YES;
				CLANG_WARN_CONSTANT_CONVERSION = YES;
				CLANG_WARN_DEPRECATED_OBJC_IMPLEMENTATIONS = YES;
				CLANG_WARN_DIRECT_OBJC_ISA_USAGE = YES_ERROR;
				CLANG_WARN_DOCUMENTATION_COMMENTS = YES;
				CLANG_WARN_EMPTY_BODY = YES;
				CLANG_WARN_ENUM_CONVERSION = YES;
				CLANG_WARN_INFINITE_RECURSION = YES;
				CLANG_WARN_INT_CONVERSION = YES;
				CLANG_WARN_NON_LITERAL_NULL_CONVERSION = YES;
				CLANG_WARN_OBJC_IMPLICIT_RETAIN_SELF = YES;
				CLANG_WARN_OBJC_LITERAL_CONVERSION = YES;
				CLANG_WARN_OBJC_ROOT_CLASS = YES_ERROR;
				CLANG_WARN_QUOTED_INCLUDE_IN_FRAMEWORK_HEADER = YES;
				CLANG_WARN_RANGE_LOOP_ANALYSIS = YES;
				CLANG_WARN_STRICT_PROTOTYPES = YES;
				CLANG_WARN_SUSPICIOUS_MOVE = YES;
				CLANG_WARN_UNGUARDED_AVAILABILITY = YES_AGGRESSIVE;
				CLANG_WARN_UNREACHABLE_CODE = YES;
				CLANG_WARN__DUPLICATE_METHOD_MATCH = YES;
				COPY_PHASE_STRIP = NO;
				DEBUG_INFORMATION_FORMAT = dwarf;
				ENABLE_STRICT_OBJC_MSGSEND = YES;
				ENABLE_TESTABILITY = YES;
				ENABLE_USER_SCRIPT_SANDBOXING = YES;
				GCC_C_LANGUAGE_STANDARD = gnu17;
				GCC_DYNAMIC_NO_PIC = NO;
				GCC_NO_COMMON_BLOCKS = YES;
				GCC_OPTIMIZATION_LEVEL = 0;
				GCC_PREPROCESSOR_DEFINITIONS = (
					"DEBUG=1",
					"$(inherited)",
				);
				GCC_WARN_64_TO_32_BIT_CONVERSION = YES;
				GCC_WARN_ABOUT_RETURN_TYPE = YES_ERROR;
				GCC_WARN_UNDECLARED_SELECTOR = YES;
				GCC_WARN_UNINITIALIZED_AUTOS = YES_AGGRESSIVE;
				GCC_WARN_UNUSED_FUNCTION = YES;
				GCC_WARN_UNUSED_VARIABLE = YES;
				LOCALIZATION_PREFERS_STRING_CATALOGS = YES;
				MACOSX_DEPLOYMENT_TARGET = 11.0;
				MODULE_VERIFIER_SUPPORTED_LANGUAGES = "objective-c c++ cpp c";
				MTL_ENABLE_DEBUG_INFO = INCLUDE_SOURCE;
				MTL_FAST_MATH = YES;
				ONLY_ACTIVE_ARCH = YES;
				SDKROOT = macosx;
				TAPI_LANGUAGE = "objective-c++";
			};
			name = Debug;
		};
		2E5F48852BD68C9800C7A62F /* Release */ = {
			isa = XCBuildConfiguration;
			buildSettings = {
				ALWAYS_SEARCH_USER_PATHS = NO;
				ASSETCATALOG_COMPILER_GENERATE_SWIFT_ASSET_SYMBOL_EXTENSIONS = YES;
				CLANG_ANALYZER_NONNULL = YES;
				CLANG_ANALYZER_NUMBER_OBJECT_CONVERSION = YES_AGGRESSIVE;
				CLANG_CXX_LANGUAGE_STANDARD = "c++20";
				CLANG_ENABLE_MODULES = YES;
				CLANG_ENABLE_OBJC_ARC = YES;
				CLANG_ENABLE_OBJC_WEAK = YES;
				CLANG_WARN_BLOCK_CAPTURE_AUTORELEASING = YES;
				CLANG_WARN_BOOL_CONVERSION = YES;
				CLANG_WARN_COMMA = YES;
				CLANG_WARN_CONSTANT_CONVERSION = YES;
				CLANG_WARN_DEPRECATED_OBJC_IMPLEMENTATIONS = YES;
				CLANG_WARN_DIRECT_OBJC_ISA_USAGE = YES_ERROR;
				CLANG_WARN_DOCUMENTATION_COMMENTS = YES;
				CLANG_WARN_EMPTY_BODY = YES;
				CLANG_WARN_ENUM_CONVERSION = YES;
				CLANG_WARN_INFINITE_RECURSION = YES;
				CLANG_WARN_INT_CONVERSION = YES;
				CLANG_WARN_NON_LITERAL_NULL_CONVERSION = YES;
				CLANG_WARN_OBJC_IMPLICIT_RETAIN_SELF = YES;
				CLANG_WARN_OBJC_LITERAL_CONVERSION = YES;
				CLANG_WARN_OBJC_ROOT_CLASS = YES_ERROR;
				CLANG_WARN_QUOTED_INCLUDE_IN_FRAMEWORK_HEADER = YES;
				CLANG_WARN_RANGE_LOOP_ANALYSIS = YES;
				CLANG_WARN_STRICT_PROTOTYPES = YES;
				CLANG_WARN_SUSPICIOUS_MOVE = YES;
				CLANG_WARN_UNGUARDED_AVAILABILITY = YES_AGGRESSIVE;
				CLANG_WARN_UNREACHABLE_CODE = YES;
				CLANG_WARN__DUPLICATE_METHOD_MATCH = YES;
				COPY_PHASE_STRIP = NO;
				DEBUG_INFORMATION_FORMAT = "dwarf-with-dsym";
				ENABLE_NS_ASSERTIONS = NO;
				ENABLE_STRICT_OBJC_MSGSEND = YES;
				ENABLE_USER_SCRIPT_SANDBOXING = YES;
				GCC_C_LANGUAGE_STANDARD = gnu17;
				GCC_NO_COMMON_BLOCKS = YES;
				GCC_WARN_64_TO_32_BIT_CONVERSION = YES;
				GCC_WARN_ABOUT_RETURN_TYPE = YES_ERROR;
				GCC_WARN_UNDECLARED_SELECTOR = YES;
				GCC_WARN_UNINITIALIZED_AUTOS = YES_AGGRESSIVE;
				GCC_WARN_UNUSED_FUNCTION = YES;
				GCC_WARN_UNUSED_VARIABLE = YES;
				LOCALIZATION_PREFERS_STRING_CATALOGS = YES;
				MACOSX_DEPLOYMENT_TARGET = 11.0;
				MODULE_VERIFIER_SUPPORTED_LANGUAGES = "objective-c c++ cpp c";
				MTL_ENABLE_DEBUG_INFO = NO;
				MTL_FAST_MATH = YES;
				SDKROOT = macosx;
				TAPI_LANGUAGE = "objective-c++";
			};
			name = Release;
		};
		2E5F48952BD699A800C7A62F /* Debug */ = {
			isa = XCBuildConfiguration;
			buildSettings = {
				CLANG_CXX_LANGUAGE_STANDARD = "c++20";
				CODE_SIGN_ENTITLEMENTS = Lexicon/Lexicon.entitlements;
				CODE_SIGN_STYLE = Automatic;
				DEVELOPMENT_TEAM = Y4JD236954;
				ENABLE_HARDENED_RUNTIME = YES;
				MACOSX_DEPLOYMENT_TARGET = 11.0;
				MODULE_VERIFIER_SUPPORTED_LANGUAGES = "objective-c cpp c++ c";
				PRODUCT_NAME = "$(TARGET_NAME)";
				SWIFT_ACTIVE_COMPILATION_CONDITIONS = "DEBUG $(inherited)";
				SWIFT_OPTIMIZATION_LEVEL = "-Onone";
				SWIFT_VERSION = 5.0;
			};
			name = Debug;
		};
		2E5F48962BD699A800C7A62F /* Release */ = {
			isa = XCBuildConfiguration;
			buildSettings = {
				CLANG_CXX_LANGUAGE_STANDARD = "c++20";
				CODE_SIGN_ENTITLEMENTS = Lexicon/Lexicon.entitlements;
				CODE_SIGN_STYLE = Automatic;
				DEVELOPMENT_TEAM = Y4JD236954;
				ENABLE_HARDENED_RUNTIME = YES;
				MACOSX_DEPLOYMENT_TARGET = 11.0;
				MODULE_VERIFIER_SUPPORTED_LANGUAGES = "objective-c cpp c++ c";
				PRODUCT_NAME = "$(TARGET_NAME)";
				SWIFT_COMPILATION_MODE = wholemodule;
				SWIFT_VERSION = 5.0;
			};
			name = Release;
		};
		2E88BB9F2BE1585F0066C106 /* Debug */ = {
			isa = XCBuildConfiguration;
			buildSettings = {
				ASSETCATALOG_COMPILER_APPICON_NAME = AppIcon;
				ASSETCATALOG_COMPILER_GLOBAL_ACCENT_COLOR_NAME = AccentColor;
				CLANG_CXX_LANGUAGE_STANDARD = "gnu++20";
				CODE_SIGN_ENTITLEMENTS = LexiconApp/LexiconApp.entitlements;
				CODE_SIGN_STYLE = Automatic;
				COMBINE_HIDPI_IMAGES = YES;
				CURRENT_PROJECT_VERSION = 1;
				DEVELOPMENT_ASSET_PATHS = "\"LexiconApp/Preview Content\"";
				DEVELOPMENT_TEAM = Y4JD236954;
				ENABLE_HARDENED_RUNTIME = YES;
				ENABLE_PREVIEWS = YES;
				GENERATE_INFOPLIST_FILE = YES;
				INFOPLIST_KEY_NSHumanReadableCopyright = "";
				LD_RUNPATH_SEARCH_PATHS = (
					"$(inherited)",
					"@executable_path/../Frameworks",
				);
				MACOSX_DEPLOYMENT_TARGET = 14.4;
				MARKETING_VERSION = 1.0;
				PRODUCT_BUNDLE_IDENTIFIER = amirabravesh.LexiconApp;
				PRODUCT_NAME = "$(TARGET_NAME)";
				SWIFT_ACTIVE_COMPILATION_CONDITIONS = "DEBUG $(inherited)";
				SWIFT_EMIT_LOC_STRINGS = YES;
				SWIFT_OPTIMIZATION_LEVEL = "-Onone";
				SWIFT_VERSION = 5.0;
			};
			name = Debug;
		};
		2E88BBA02BE1585F0066C106 /* Release */ = {
			isa = XCBuildConfiguration;
			buildSettings = {
				ASSETCATALOG_COMPILER_APPICON_NAME = AppIcon;
				ASSETCATALOG_COMPILER_GLOBAL_ACCENT_COLOR_NAME = AccentColor;
				CLANG_CXX_LANGUAGE_STANDARD = "gnu++20";
				CODE_SIGN_ENTITLEMENTS = LexiconApp/LexiconApp.entitlements;
				CODE_SIGN_STYLE = Automatic;
				COMBINE_HIDPI_IMAGES = YES;
				CURRENT_PROJECT_VERSION = 1;
				DEVELOPMENT_ASSET_PATHS = "\"LexiconApp/Preview Content\"";
				DEVELOPMENT_TEAM = Y4JD236954;
				ENABLE_HARDENED_RUNTIME = YES;
				ENABLE_PREVIEWS = YES;
				GENERATE_INFOPLIST_FILE = YES;
				INFOPLIST_KEY_NSHumanReadableCopyright = "";
				LD_RUNPATH_SEARCH_PATHS = (
					"$(inherited)",
					"@executable_path/../Frameworks",
				);
				MACOSX_DEPLOYMENT_TARGET = 14.4;
				MARKETING_VERSION = 1.0;
				PRODUCT_BUNDLE_IDENTIFIER = amirabravesh.LexiconApp;
				PRODUCT_NAME = "$(TARGET_NAME)";
				SWIFT_COMPILATION_MODE = wholemodule;
				SWIFT_EMIT_LOC_STRINGS = YES;
				SWIFT_VERSION = 5.0;
			};
			name = Release;
		};
/* End XCBuildConfiguration section */

/* Begin XCConfigurationList section */
		2E5F487A2BD68C9800C7A62F /* Build configuration list for PBXProject "Lexicon" */ = {
			isa = XCConfigurationList;
			buildConfigurations = (
				2E5F48842BD68C9800C7A62F /* Debug */,
				2E5F48852BD68C9800C7A62F /* Release */,
			);
			defaultConfigurationIsVisible = 0;
			defaultConfigurationName = Release;
		};
		2E5F48942BD699A800C7A62F /* Build configuration list for PBXNativeTarget "Lexicon" */ = {
			isa = XCConfigurationList;
			buildConfigurations = (
				2E5F48952BD699A800C7A62F /* Debug */,
				2E5F48962BD699A800C7A62F /* Release */,
			);
			defaultConfigurationIsVisible = 0;
			defaultConfigurationName = Release;
		};
		2E88BB9E2BE1585F0066C106 /* Build configuration list for PBXNativeTarget "LexiconApp" */ = {
			isa = XCConfigurationList;
			buildConfigurations = (
				2E88BB9F2BE1585F0066C106 /* Debug */,
				2E88BBA02BE1585F0066C106 /* Release */,
			);
			defaultConfigurationIsVisible = 0;
			defaultConfigurationName = Release;
		};
/* End XCConfigurationList section */

/* Begin XCRemoteSwiftPackageReference section */
		2ED94DC32BDCFC8600E6CB12 /* XCRemoteSwiftPackageReference "PythonKit" */ = {
			isa = XCRemoteSwiftPackageReference;
			repositoryURL = "https://github.com/pvieito/PythonKit";
			requirement = {
				branch = master;
				kind = branch;
			};
		};
/* End XCRemoteSwiftPackageReference section */

/* Begin XCSwiftPackageProductDependency section */
		2ED94DC42BDCFC8600E6CB12 /* PythonKit */ = {
			isa = XCSwiftPackageProductDependency;
			package = 2ED94DC32BDCFC8600E6CB12 /* XCRemoteSwiftPackageReference "PythonKit" */;
			productName = PythonKit;
		};
/* End XCSwiftPackageProductDependency section */
	};
	rootObject = 2E5F48772BD68C9800C7A62F /* Project object */;
}
